
Microsoft Visual Studio Solution File, Format Version 12.00
# Visual Studio 2013
VisualStudioVersion = 12.0.31101.0
MinimumVisualStudioVersion = 10.0.40219.1
Project("{FAE04EC0-301F-11D3-BF4B-00C04F79EFBC}") = "Middleware", "Middleware\Middleware.csproj", "{CFAE46D1-EB86-4F7B-BAF0-99C52638D153}"
EndProject
Project("{FAE04EC0-301F-11D3-BF4B-00C04F79EFBC}") = "Volleyball", "Volleyball\Volleyball.csproj", "{2C666FF5-8BD9-440D-BC01-C810EC84B450}"
EndProject
Project("{FAE04EC0-301F-11D3-BF4B-00C04F79EFBC}") = "Volleyball.Attributes", "Volleyball.Attributes\Volleyball.Attributes.csproj", "{66E928CA-A57F-4A36-A7EB-366F327BCF04}"
EndProject
Project("{FAE04EC0-301F-11D3-BF4B-00C04F79EFBC}") = "Volleyball.UnitTests", "Volleyball.UnitTests\Volleyball.UnitTests.csproj", "{525C5635-FD31-437E-A148-AE6205FED387}"
EndProject
Project("{FAE04EC0-301F-11D3-BF4B-00C04F79EFBC}") = "VolleyballMvc", "VolleyballMvc\VolleyballMvc.csproj", "{3957ABFC-093D-463F-8892-914619CB7E5A}"
	ProjectSection(ProjectDependencies) = postProject
		{1038FE2F-2E11-4C6C-9152-C3CF63DA9072} = {1038FE2F-2E11-4C6C-9152-C3CF63DA9072}
	EndProjectSection
EndProject
Project("{E24C65DC-7377-472B-9ABA-BC803B73C61A}") = "IISHost", "http://localhost:52866", "{1038FE2F-2E11-4C6C-9152-C3CF63DA9072}"
	ProjectSection(WebsiteProperties) = preProject
		UseIISExpress = "true"
		TargetFrameworkMoniker = ".NETFramework,Version%3Dv4.5"
		ProjectReferences = "{cfae46d1-eb86-4f7b-baf0-99c52638d153}|Middleware.dll;{66E928CA-A57F-4A36-A7EB-366F327BCF04}|CustomAttributes.dll;"
		Debug.AspNetCompiler.VirtualPath = "/localhost_52866"
		Debug.AspNetCompiler.PhysicalPath = "..\..\..\21 09\volleyball_stat5_New\volleyball_stat5_New\IISHost\"
		Debug.AspNetCompiler.TargetPath = "PrecompiledWeb\localhost_52866\"
		Debug.AspNetCompiler.Updateable = "true"
		Debug.AspNetCompiler.ForceOverwrite = "true"
		Debug.AspNetCompiler.FixedNames = "false"
		Debug.AspNetCompiler.Debug = "True"
		Release.AspNetCompiler.VirtualPath = "/localhost_52866"
		Release.AspNetCompiler.PhysicalPath = "..\..\..\21 09\volleyball_stat5_New\volleyball_stat5_New\IISHost\"
		Release.AspNetCompiler.TargetPath = "PrecompiledWeb\localhost_52866\"
		Release.AspNetCompiler.Updateable = "true"
		Release.AspNetCompiler.ForceOverwrite = "true"
		Release.AspNetCompiler.FixedNames = "false"
		Release.AspNetCompiler.Debug = "False"
		SlnRelativePath = "..\..\..\21 09\volleyball_stat5_New\volleyball_stat5_New\IISHost\"
		DefaultWebSiteLanguage = "Visual C#"
	EndProjectSection
EndProject
Global
	GlobalSection(SolutionConfigurationPlatforms) = preSolution
		Debug|Any CPU = Debug|Any CPU
		Release|Any CPU = Release|Any CPU
	EndGlobalSection
	GlobalSection(ProjectConfigurationPlatforms) = postSolution
		{CFAE46D1-EB86-4F7B-BAF0-99C52638D153}.Debug|Any CPU.ActiveCfg = Debug|Any CPU
		{CFAE46D1-EB86-4F7B-BAF0-99C52638D153}.Debug|Any CPU.Build.0 = Debug|Any CPU
		{CFAE46D1-EB86-4F7B-BAF0-99C52638D153}.Release|Any CPU.ActiveCfg = Release|Any CPU
		{CFAE46D1-EB86-4F7B-BAF0-99C52638D153}.Release|Any CPU.Build.0 = Release|Any CPU
		{2C666FF5-8BD9-440D-BC01-C810EC84B450}.Debug|Any CPU.ActiveCfg = Debug|Any CPU
		{2C666FF5-8BD9-440D-BC01-C810EC84B450}.Debug|Any CPU.Build.0 = Debug|Any CPU
		{2C666FF5-8BD9-440D-BC01-C810EC84B450}.Release|Any CPU.ActiveCfg = Release|Any CPU
		{2C666FF5-8BD9-440D-BC01-C810EC84B450}.Release|Any CPU.Build.0 = Release|Any CPU
		{66E928CA-A57F-4A36-A7EB-366F327BCF04}.Debug|Any CPU.ActiveCfg = Debug|Any CPU
		{66E928CA-A57F-4A36-A7EB-366F327BCF04}.Debug|Any CPU.Build.0 = Debug|Any CPU
		{66E928CA-A57F-4A36-A7EB-366F327BCF04}.Release|Any CPU.ActiveCfg = Release|Any CPU
		{66E928CA-A57F-4A36-A7EB-366F327BCF04}.Release|Any CPU.Build.0 = Release|Any CPU
		{525C5635-FD31-437E-A148-AE6205FED387}.Debug|Any CPU.ActiveCfg = Debug|Any CPU
		{525C5635-FD31-437E-A148-AE6205FED387}.Debug|Any CPU.Build.0 = Debug|Any CPU
		{525C5635-FD31-437E-A148-AE6205FED387}.Release|Any CPU.ActiveCfg = Release|Any CPU
		{525C5635-FD31-437E-A148-AE6205FED387}.Release|Any CPU.Build.0 = Release|Any CPU
		{3957ABFC-093D-463F-8892-914619CB7E5A}.Debug|Any CPU.ActiveCfg = Debug|Any CPU
		{3957ABFC-093D-463F-8892-914619CB7E5A}.Debug|Any CPU.Build.0 = Debug|Any CPU
		{3957ABFC-093D-463F-8892-914619CB7E5A}.Release|Any CPU.ActiveCfg = Release|Any CPU
		{3957ABFC-093D-463F-8892-914619CB7E5A}.Release|Any CPU.Build.0 = Release|Any CPU
		{1038FE2F-2E11-4C6C-9152-C3CF63DA9072}.Debug|Any CPU.ActiveCfg = Debug|Any CPU
		{1038FE2F-2E11-4C6C-9152-C3CF63DA9072}.Debug|Any CPU.Build.0 = Debug|Any CPU
		{1038FE2F-2E11-4C6C-9152-C3CF63DA9072}.Release|Any CPU.ActiveCfg = Debug|Any CPU
		{1038FE2F-2E11-4C6C-9152-C3CF63DA9072}.Release|Any CPU.Build.0 = Debug|Any CPU
	EndGlobalSection
	GlobalSection(SolutionProperties) = preSolution
		HideSolutionNode = FALSE
	EndGlobalSection
EndGlobal
